// !$*UTF8*$!
{
	archiveVersion = 1;
	classes = {
	};
	objectVersion = 56;
	objects = {

/* Begin PBXBuildFile section */
		8E751E8B2D009AFD000D09B7 /* AppDelegate.swift in Sources */ = {isa = PBXBuildFile; fileRef = 8E751E8A2D009AFD000D09B7 /* AppDelegate.swift */; };
		8E751E8D2D009AFD000D09B7 /* SceneDelegate.swift in Sources */ = {isa = PBXBuildFile; fileRef = 8E751E8C2D009AFD000D09B7 /* SceneDelegate.swift */; };
		8E751E8F2D009AFD000D09B7 /* ViewController.swift in Sources */ = {isa = PBXBuildFile; fileRef = 8E751E8E2D009AFD000D09B7 /* ViewController.swift */; };
		8E751E942D009AFE000D09B7 /* Assets.xcassets in Resources */ = {isa = PBXBuildFile; fileRef = 8E751E932D009AFE000D09B7 /* Assets.xcassets */; };
		8E751E972D009AFE000D09B7 /* LaunchScreen.storyboard in Resources */ = {isa = PBXBuildFile; fileRef = 8E751E952D009AFE000D09B7 /* LaunchScreen.storyboard */; };
		8E751EA12D00A12A000D09B7 /* NetworkClient.swift in Sources */ = {isa = PBXBuildFile; fileRef = 8E751EA02D00A12A000D09B7 /* NetworkClient.swift */; };
		8E751EA32D00ABEA000D09B7 /* Item.swift in Sources */ = {isa = PBXBuildFile; fileRef = 8E751EA22D00ABEA000D09B7 /* Item.swift */; };
		8E751EA52D00B3D5000D09B7 /* RepositoryCell.swift in Sources */ = {isa = PBXBuildFile; fileRef = 8E751EA42D00B3D5000D09B7 /* RepositoryCell.swift */; };
		8E751EAB2D00BCB3000D09B7 /* Kingfisher in Frameworks */ = {isa = PBXBuildFile; productRef = 8E751EAA2D00BCB3000D09B7 /* Kingfisher */; };
		8E751EB92D00C3E9000D09B7 /* vk_testAppTests.swift in Sources */ = {isa = PBXBuildFile; fileRef = 8E751EB82D00C3E9000D09B7 /* vk_testAppTests.swift */; };
		8E751EC32D00C57F000D09B7 /* ProgressHUD in Frameworks */ = {isa = PBXBuildFile; productRef = 8E751EC22D00C57F000D09B7 /* ProgressHUD */; };
/* End PBXBuildFile section */

/* Begin PBXContainerItemProxy section */
		8E751EBA2D00C3E9000D09B7 /* PBXContainerItemProxy */ = {
			isa = PBXContainerItemProxy;
			containerPortal = 8E751E7F2D009AFD000D09B7 /* Project object */;
			proxyType = 1;
			remoteGlobalIDString = 8E751E862D009AFD000D09B7;
			remoteInfo = vk_testApp;
		};
/* End PBXContainerItemProxy section */

/* Begin PBXFileReference section */
		8E751E872D009AFD000D09B7 /* vk_testApp.app */ = {isa = PBXFileReference; explicitFileType = wrapper.application; includeInIndex = 0; path = vk_testApp.app; sourceTree = BUILT_PRODUCTS_DIR; };
		8E751E8A2D009AFD000D09B7 /* AppDelegate.swift */ = {isa = PBXFileReference; lastKnownFileType = sourcecode.swift; path = AppDelegate.swift; sourceTree = "<group>"; };
		8E751E8C2D009AFD000D09B7 /* SceneDelegate.swift */ = {isa = PBXFileReference; lastKnownFileType = sourcecode.swift; path = SceneDelegate.swift; sourceTree = "<group>"; };
		8E751E8E2D009AFD000D09B7 /* ViewController.swift */ = {isa = PBXFileReference; lastKnownFileType = sourcecode.swift; path = ViewController.swift; sourceTree = "<group>"; };
		8E751E932D009AFE000D09B7 /* Assets.xcassets */ = {isa = PBXFileReference; lastKnownFileType = folder.assetcatalog; path = Assets.xcassets; sourceTree = "<group>"; };
		8E751E962D009AFE000D09B7 /* Base */ = {isa = PBXFileReference; lastKnownFileType = file.storyboard; name = Base; path = Base.lproj/LaunchScreen.storyboard; sourceTree = "<group>"; };
		8E751E982D009AFE000D09B7 /* Info.plist */ = {isa = PBXFileReference; lastKnownFileType = text.plist.xml; path = Info.plist; sourceTree = "<group>"; };
		8E751EA02D00A12A000D09B7 /* NetworkClient.swift */ = {isa = PBXFileReference; lastKnownFileType = sourcecode.swift; path = NetworkClient.swift; sourceTree = "<group>"; };
		8E751EA22D00ABEA000D09B7 /* Item.swift */ = {isa = PBXFileReference; lastKnownFileType = sourcecode.swift; path = Item.swift; sourceTree = "<group>"; };
		8E751EA42D00B3D5000D09B7 /* RepositoryCell.swift */ = {isa = PBXFileReference; lastKnownFileType = sourcecode.swift; path = RepositoryCell.swift; sourceTree = "<group>"; };
		8E751EB62D00C3E9000D09B7 /* vk_testAppTests.xctest */ = {isa = PBXFileReference; explicitFileType = wrapper.cfbundle; includeInIndex = 0; path = vk_testAppTests.xctest; sourceTree = BUILT_PRODUCTS_DIR; };
		8E751EB82D00C3E9000D09B7 /* vk_testAppTests.swift */ = {isa = PBXFileReference; lastKnownFileType = sourcecode.swift; path = vk_testAppTests.swift; sourceTree = "<group>"; };
/* End PBXFileReference section */

/* Begin PBXFrameworksBuildPhase section */
		8E751E842D009AFD000D09B7 /* Frameworks */ = {
			isa = PBXFrameworksBuildPhase;
			buildActionMask = 2147483647;
			files = (
				8E751EAB2D00BCB3000D09B7 /* Kingfisher in Frameworks */,
				8E751EC32D00C57F000D09B7 /* ProgressHUD in Frameworks */,
			);
			runOnlyForDeploymentPostprocessing = 0;
		};
		8E751EB32D00C3E9000D09B7 /* Frameworks */ = {
			isa = PBXFrameworksBuildPhase;
			buildActionMask = 2147483647;
			files = (
			);
			runOnlyForDeploymentPostprocessing = 0;
		};
/* End PBXFrameworksBuildPhase section */

/* Begin PBXGroup section */
		8E751E7E2D009AFD000D09B7 = {
			isa = PBXGroup;
			children = (
				8E751E892D009AFD000D09B7 /* vk_testApp */,
				8E751EB72D00C3E9000D09B7 /* vk_testAppTests */,
				8E751E882D009AFD000D09B7 /* Products */,
			);
			sourceTree = "<group>";
		};
		8E751E882D009AFD000D09B7 /* Products */ = {
			isa = PBXGroup;
			children = (
				8E751E872D009AFD000D09B7 /* vk_testApp.app */,
				8E751EB62D00C3E9000D09B7 /* vk_testAppTests.xctest */,
			);
			name = Products;
			sourceTree = "<group>";
		};
		8E751E892D009AFD000D09B7 /* vk_testApp */ = {
			isa = PBXGroup;
			children = (
				8E751EA22D00ABEA000D09B7 /* Item.swift */,
				8E751EA42D00B3D5000D09B7 /* RepositoryCell.swift */,
				8E751EA02D00A12A000D09B7 /* NetworkClient.swift */,
				8E751E8A2D009AFD000D09B7 /* AppDelegate.swift */,
				8E751E8C2D009AFD000D09B7 /* SceneDelegate.swift */,
				8E751E8E2D009AFD000D09B7 /* ViewController.swift */,
				8E751E932D009AFE000D09B7 /* Assets.xcassets */,
				8E751E952D009AFE000D09B7 /* LaunchScreen.storyboard */,
				8E751E982D009AFE000D09B7 /* Info.plist */,
			);
			path = vk_testApp;
			sourceTree = "<group>";
		};
		8E751EB72D00C3E9000D09B7 /* vk_testAppTests */ = {
			isa = PBXGroup;
			children = (
				8E751EB82D00C3E9000D09B7 /* vk_testAppTests.swift */,
			);
			path = vk_testAppTests;
			sourceTree = "<group>";
		};
/* End PBXGroup section */

/* Begin PBXNativeTarget section */
		8E751E862D009AFD000D09B7 /* vk_testApp */ = {
			isa = PBXNativeTarget;
			buildConfigurationList = 8E751E9B2D009AFE000D09B7 /* Build configuration list for PBXNativeTarget "vk_testApp" */;
			buildPhases = (
				8E751E832D009AFD000D09B7 /* Sources */,
				8E751E842D009AFD000D09B7 /* Frameworks */,
				8E751E852D009AFD000D09B7 /* Resources */,
			);
			buildRules = (
			);
			dependencies = (
			);
			name = vk_testApp;
			packageProductDependencies = (
				8E751EAA2D00BCB3000D09B7 /* Kingfisher */,
				8E751EC22D00C57F000D09B7 /* ProgressHUD */,
			);
			productName = vk_testApp;
			productReference = 8E751E872D009AFD000D09B7 /* vk_testApp.app */;
			productType = "com.apple.product-type.application";
		};
		8E751EB52D00C3E9000D09B7 /* vk_testAppTests */ = {
			isa = PBXNativeTarget;
			buildConfigurationList = 8E751EBE2D00C3E9000D09B7 /* Build configuration list for PBXNativeTarget "vk_testAppTests" */;
			buildPhases = (
				8E751EB22D00C3E9000D09B7 /* Sources */,
				8E751EB32D00C3E9000D09B7 /* Frameworks */,
				8E751EB42D00C3E9000D09B7 /* Resources */,
			);
			buildRules = (
			);
			dependencies = (
				8E751EBB2D00C3E9000D09B7 /* PBXTargetDependency */,
			);
			name = vk_testAppTests;
			productName = vk_testAppTests;
			productReference = 8E751EB62D00C3E9000D09B7 /* vk_testAppTests.xctest */;
			productType = "com.apple.product-type.bundle.unit-test";
		};
/* End PBXNativeTarget section */

/* Begin PBXProject section */
		8E751E7F2D009AFD000D09B7 /* Project object */ = {
			isa = PBXProject;
			attributes = {
				BuildIndependentTargetsInParallel = 1;
				LastSwiftUpdateCheck = 1430;
				LastUpgradeCheck = 1430;
				TargetAttributes = {
					8E751E862D009AFD000D09B7 = {
						CreatedOnToolsVersion = 14.3.1;
					};
					8E751EB52D00C3E9000D09B7 = {
						CreatedOnToolsVersion = 14.3.1;
						TestTargetID = 8E751E862D009AFD000D09B7;
					};
				};
			};
			buildConfigurationList = 8E751E822D009AFD000D09B7 /* Build configuration list for PBXProject "vk_testApp" */;
			compatibilityVersion = "Xcode 14.0";
			developmentRegion = en;
			hasScannedForEncodings = 0;
			knownRegions = (
				en,
				Base,
			);
			mainGroup = 8E751E7E2D009AFD000D09B7;
			packageReferences = (
				8E751EA92D00BCB3000D09B7 /* XCRemoteSwiftPackageReference "Kingfisher" */,
				8E751EC12D00C57F000D09B7 /* XCRemoteSwiftPackageReference "ProgressHUD" */,
			);
			productRefGroup = 8E751E882D009AFD000D09B7 /* Products */;
			projectDirPath = "";
			projectRoot = "";
			targets = (
				8E751E862D009AFD000D09B7 /* vk_testApp */,
				8E751EB52D00C3E9000D09B7 /* vk_testAppTests */,
			);
		};
/* End PBXProject section */

/* Begin PBXResourcesBuildPhase section */
		8E751E852D009AFD000D09B7 /* Resources */ = {
			isa = PBXResourcesBuildPhase;
			buildActionMask = 2147483647;
			files = (
				8E751E972D009AFE000D09B7 /* LaunchScreen.storyboard in Resources */,
				8E751E942D009AFE000D09B7 /* Assets.xcassets in Resources */,
			);
			runOnlyForDeploymentPostprocessing = 0;
		};
		8E751EB42D00C3E9000D09B7 /* Resources */ = {
			isa = PBXResourcesBuildPhase;
			buildActionMask = 2147483647;
			files = (
			);
			runOnlyForDeploymentPostprocessing = 0;
		};
/* End PBXResourcesBuildPhase section */

/* Begin PBXSourcesBuildPhase section */
		8E751E832D009AFD000D09B7 /* Sources */ = {
			isa = PBXSourcesBuildPhase;
			buildActionMask = 2147483647;
			files = (
				8E751EA32D00ABEA000D09B7 /* Item.swift in Sources */,
				8E751E8F2D009AFD000D09B7 /* ViewController.swift in Sources */,
				8E751E8B2D009AFD000D09B7 /* AppDelegate.swift in Sources */,
				8E751EA52D00B3D5000D09B7 /* RepositoryCell.swift in Sources */,
				8E751E8D2D009AFD000D09B7 /* SceneDelegate.swift in Sources */,
				8E751EA12D00A12A000D09B7 /* NetworkClient.swift in Sources */,
			);
			runOnlyForDeploymentPostprocessing = 0;
		};
		8E751EB22D00C3E9000D09B7 /* Sources */ = {
			isa = PBXSourcesBuildPhase;
			buildActionMask = 2147483647;
			files = (
				8E751EB92D00C3E9000D09B7 /* vk_testAppTests.swift in Sources */,
			);
			runOnlyForDeploymentPostprocessing = 0;
		};
/* End PBXSourcesBuildPhase section */

/* Begin PBXTargetDependency section */
		8E751EBB2D00C3E9000D09B7 /* PBXTargetDependency */ = {
			isa = PBXTargetDependency;
			target = 8E751E862D009AFD000D09B7 /* vk_testApp */;
			targetProxy = 8E751EBA2D00C3E9000D09B7 /* PBXContainerItemProxy */;
		};
/* End PBXTargetDependency section */

/* Begin PBXVariantGroup section */
		8E751E952D009AFE000D09B7 /* LaunchScreen.storyboard */ = {
			isa = PBXVariantGroup;
			children = (
				8E751E962D009AFE000D09B7 /* Base */,
			);
			name = LaunchScreen.storyboard;
			sourceTree = "<group>";
		};
/* End PBXVariantGroup section */

/* Begin XCBuildConfiguration section */
		8E751E992D009AFE000D09B7 /* Debug */ = {
			isa = XCBuildConfiguration;
			buildSettings = {
				ALWAYS_SEARCH_USER_PATHS = NO;
				CLANG_ANALYZER_NONNULL = YES;
				CLANG_ANALYZER_NUMBER_OBJECT_CONVERSION = YES_AGGRESSIVE;
				CLANG_CXX_LANGUAGE_STANDARD = "gnu++20";
				CLANG_ENABLE_MODULES = YES;
				CLANG_ENABLE_OBJC_ARC = YES;
				CLANG_ENABLE_OBJC_WEAK = YES;
				CLANG_WARN_BLOCK_CAPTURE_AUTORELEASING = YES;
				CLANG_WARN_BOOL_CONVERSION = YES;
				CLANG_WARN_COMMA = YES;
				CLANG_WARN_CONSTANT_CONVERSION = YES;
				CLANG_WARN_DEPRECATED_OBJC_IMPLEMENTATIONS = YES;
				CLANG_WARN_DIRECT_OBJC_ISA_USAGE = YES_ERROR;
				CLANG_WARN_DOCUMENTATION_COMMENTS = YES;
				CLANG_WARN_EMPTY_BODY = YES;
				CLANG_WARN_ENUM_CONVERSION = YES;
				CLANG_WARN_INFINITE_RECURSION = YES;
				CLANG_WARN_INT_CONVERSION = YES;
				CLANG_WARN_NON_LITERAL_NULL_CONVERSION = YES;
				CLANG_WARN_OBJC_IMPLICIT_RETAIN_SELF = YES;
				CLANG_WARN_OBJC_LITERAL_CONVERSION = YES;
				CLANG_WARN_OBJC_ROOT_CLASS = YES_ERROR;
				CLANG_WARN_QUOTED_INCLUDE_IN_FRAMEWORK_HEADER = YES;
				CLANG_WARN_RANGE_LOOP_ANALYSIS = YES;
				CLANG_WARN_STRICT_PROTOTYPES = YES;
				CLANG_WARN_SUSPICIOUS_MOVE = YES;
				CLANG_WARN_UNGUARDED_AVAILABILITY = YES_AGGRESSIVE;
				CLANG_WARN_UNREACHABLE_CODE = YES;
				CLANG_WARN__DUPLICATE_METHOD_MATCH = YES;
				COPY_PHASE_STRIP = NO;
				DEBUG_INFORMATION_FORMAT = dwarf;
				ENABLE_STRICT_OBJC_MSGSEND = YES;
				ENABLE_TESTABILITY = YES;
				GCC_C_LANGUAGE_STANDARD = gnu11;
				GCC_DYNAMIC_NO_PIC = NO;
				GCC_NO_COMMON_BLOCKS = YES;
				GCC_OPTIMIZATION_LEVEL = 0;
				GCC_PREPROCESSOR_DEFINITIONS = (
					"DEBUG=1",
					"$(inherited)",
				);
				GCC_WARN_64_TO_32_BIT_CONVERSION = YES;
				GCC_WARN_ABOUT_RETURN_TYPE = YES_ERROR;
				GCC_WARN_UNDECLARED_SELECTOR = YES;
				GCC_WARN_UNINITIALIZED_AUTOS = YES_AGGRESSIVE;
				GCC_WARN_UNUSED_FUNCTION = YES;
				GCC_WARN_UNUSED_VARIABLE = YES;
				IPHONEOS_DEPLOYMENT_TARGET = 16.4;
				MTL_ENABLE_DEBUG_INFO = INCLUDE_SOURCE;
				MTL_FAST_MATH = YES;
				ONLY_ACTIVE_ARCH = YES;
				SDKROOT = iphoneos;
				SWIFT_ACTIVE_COMPILATION_CONDITIONS = DEBUG;
				SWIFT_OPTIMIZATION_LEVEL = "-Onone";
			};
			name = Debug;
		};
		8E751E9A2D009AFE000D09B7 /* Release */ = {
			isa = XCBuildConfiguration;
			buildSettings = {
				ALWAYS_SEARCH_USER_PATHS = NO;
				CLANG_ANALYZER_NONNULL = YES;
				CLANG_ANALYZER_NUMBER_OBJECT_CONVERSION = YES_AGGRESSIVE;
				CLANG_CXX_LANGUAGE_STANDARD = "gnu++20";
				CLANG_ENABLE_MODULES = YES;
				CLANG_ENABLE_OBJC_ARC = YES;
				CLANG_ENABLE_OBJC_WEAK = YES;
				CLANG_WARN_BLOCK_CAPTURE_AUTORELEASING = YES;
				CLANG_WARN_BOOL_CONVERSION = YES;
				CLANG_WARN_COMMA = YES;
				CLANG_WARN_CONSTANT_CONVERSION = YES;
				CLANG_WARN_DEPRECATED_OBJC_IMPLEMENTATIONS = YES;
				CLANG_WARN_DIRECT_OBJC_ISA_USAGE = YES_ERROR;
				CLANG_WARN_DOCUMENTATION_COMMENTS = YES;
				CLANG_WARN_EMPTY_BODY = YES;
				CLANG_WARN_ENUM_CONVERSION = YES;
				CLANG_WARN_INFINITE_RECURSION = YES;
				CLANG_WARN_INT_CONVERSION = YES;
				CLANG_WARN_NON_LITERAL_NULL_CONVERSION = YES;
				CLANG_WARN_OBJC_IMPLICIT_RETAIN_SELF = YES;
				CLANG_WARN_OBJC_LITERAL_CONVERSION = YES;
				CLANG_WARN_OBJC_ROOT_CLASS = YES_ERROR;
				CLANG_WARN_QUOTED_INCLUDE_IN_FRAMEWORK_HEADER = YES;
				CLANG_WARN_RANGE_LOOP_ANALYSIS = YES;
				CLANG_WARN_STRICT_PROTOTYPES = YES;
				CLANG_WARN_SUSPICIOUS_MOVE = YES;
				CLANG_WARN_UNGUARDED_AVAILABILITY = YES_AGGRESSIVE;
				CLANG_WARN_UNREACHABLE_CODE = YES;
				CLANG_WARN__DUPLICATE_METHOD_MATCH = YES;
				COPY_PHASE_STRIP = NO;
				DEBUG_INFORMATION_FORMAT = "dwarf-with-dsym";
				ENABLE_NS_ASSERTIONS = NO;
				ENABLE_STRICT_OBJC_MSGSEND = YES;
				GCC_C_LANGUAGE_STANDARD = gnu11;
				GCC_NO_COMMON_BLOCKS = YES;
				GCC_WARN_64_TO_32_BIT_CONVERSION = YES;
				GCC_WARN_ABOUT_RETURN_TYPE = YES_ERROR;
				GCC_WARN_UNDECLARED_SELECTOR = YES;
				GCC_WARN_UNINITIALIZED_AUTOS = YES_AGGRESSIVE;
				GCC_WARN_UNUSED_FUNCTION = YES;
				GCC_WARN_UNUSED_VARIABLE = YES;
				IPHONEOS_DEPLOYMENT_TARGET = 16.4;
				MTL_ENABLE_DEBUG_INFO = NO;
				MTL_FAST_MATH = YES;
				SDKROOT = iphoneos;
				SWIFT_COMPILATION_MODE = wholemodule;
				SWIFT_OPTIMIZATION_LEVEL = "-O";
				VALIDATE_PRODUCT = YES;
			};
			name = Release;
		};
		8E751E9C2D009AFE000D09B7 /* Debug */ = {
			isa = XCBuildConfiguration;
			buildSettings = {
				ASSETCATALOG_COMPILER_APPICON_NAME = AppIcon;
				ASSETCATALOG_COMPILER_GLOBAL_ACCENT_COLOR_NAME = AccentColor;
				CODE_SIGN_STYLE = Automatic;
				CURRENT_PROJECT_VERSION = 1;
				DEVELOPMENT_TEAM = 5AZ59LLP74;
				GENERATE_INFOPLIST_FILE = YES;
				INFOPLIST_FILE = vk_testApp/Info.plist;
				INFOPLIST_KEY_UIApplicationSupportsIndirectInputEvents = YES;
				INFOPLIST_KEY_UILaunchStoryboardName = LaunchScreen;
				INFOPLIST_KEY_UISupportedInterfaceOrientations_iPad = "UIInterfaceOrientationPortrait UIInterfaceOrientationPortraitUpsideDown UIInterfaceOrientationLandscapeLeft UIInterfaceOrientationLandscapeRight";
				INFOPLIST_KEY_UISupportedInterfaceOrientations_iPhone = "UIInterfaceOrientationPortrait UIInterfaceOrientationLandscapeLeft UIInterfaceOrientationLandscapeRight";
				LD_RUNPATH_SEARCH_PATHS = (
					"$(inherited)",
					"@executable_path/Frameworks",
				);
				MARKETING_VERSION = 1.0;
				PRODUCT_BUNDLE_IDENTIFIER = "ru.yandex.practicum.tracker.vk-testApp";
				PRODUCT_NAME = "$(TARGET_NAME)";
				SWIFT_EMIT_LOC_STRINGS = YES;
				SWIFT_VERSION = 5.0;
				TARGETED_DEVICE_FAMILY = "1,2";
			};
			name = Debug;
		};
		8E751E9D2D009AFE000D09B7 /* Release */ = {
			isa = XCBuildConfiguration;
			buildSettings = {
				ASSETCATALOG_COMPILER_APPICON_NAME = AppIcon;
				ASSETCATALOG_COMPILER_GLOBAL_ACCENT_COLOR_NAME = AccentColor;
				CODE_SIGN_STYLE = Automatic;
				CURRENT_PROJECT_VERSION = 1;
				DEVELOPMENT_TEAM = 5AZ59LLP74;
				GENERATE_INFOPLIST_FILE = YES;
				INFOPLIST_FILE = vk_testApp/Info.plist;
				INFOPLIST_KEY_UIApplicationSupportsIndirectInputEvents = YES;
				INFOPLIST_KEY_UILaunchStoryboardName = LaunchScreen;
				INFOPLIST_KEY_UISupportedInterfaceOrientations_iPad = "UIInterfaceOrientationPortrait UIInterfaceOrientationPortraitUpsideDown UIInterfaceOrientationLandscapeLeft UIInterfaceOrientationLandscapeRight";
				INFOPLIST_KEY_UISupportedInterfaceOrientations_iPhone = "UIInterfaceOrientationPortrait UIInterfaceOrientationLandscapeLeft UIInterfaceOrientationLandscapeRight";
				LD_RUNPATH_SEARCH_PATHS = (
					"$(inherited)",
					"@executable_path/Frameworks",
				);
				MARKETING_VERSION = 1.0;
				PRODUCT_BUNDLE_IDENTIFIER = "ru.yandex.practicum.tracker.vk-testApp";
				PRODUCT_NAME = "$(TARGET_NAME)";
				SWIFT_EMIT_LOC_STRINGS = YES;
				SWIFT_VERSION = 5.0;
				TARGETED_DEVICE_FAMILY = "1,2";
			};
			name = Release;
		};
		8E751EBC2D00C3E9000D09B7 /* Debug */ = {
			isa = XCBuildConfiguration;
			buildSettings = {
				BUNDLE_LOADER = "$(TEST_HOST)";
				CODE_SIGN_STYLE = Automatic;
				CURRENT_PROJECT_VERSION = 1;
				DEVELOPMENT_TEAM = 5AZ59LLP74;
				GENERATE_INFOPLIST_FILE = YES;
				MARKETING_VERSION = 1.0;
				PRODUCT_BUNDLE_IDENTIFIER = "ru.yandex.practicum.tracker.vk-testAppTests";
				PRODUCT_NAME = "$(TARGET_NAME)";
				SWIFT_EMIT_LOC_STRINGS = NO;
				SWIFT_VERSION = 5.0;
				TARGETED_DEVICE_FAMILY = "1,2";
				TEST_HOST = "$(BUILT_PRODUCTS_DIR)/vk_testApp.app/$(BUNDLE_EXECUTABLE_FOLDER_PATH)/vk_testApp";
			};
			name = Debug;
		};
		8E751EBD2D00C3E9000D09B7 /* Release */ = {
			isa = XCBuildConfiguration;
			buildSettings = {
				BUNDLE_LOADER = "$(TEST_HOST)";
				CODE_SIGN_STYLE = Automatic;
				CURRENT_PROJECT_VERSION = 1;
				DEVELOPMENT_TEAM = 5AZ59LLP74;
				GENERATE_INFOPLIST_FILE = YES;
				MARKETING_VERSION = 1.0;
				PRODUCT_BUNDLE_IDENTIFIER = "ru.yandex.practicum.tracker.vk-testAppTests";
				PRODUCT_NAME = "$(TARGET_NAME)";
				SWIFT_EMIT_LOC_STRINGS = NO;
				SWIFT_VERSION = 5.0;
				TARGETED_DEVICE_FAMILY = "1,2";
				TEST_HOST = "$(BUILT_PRODUCTS_DIR)/vk_testApp.app/$(BUNDLE_EXECUTABLE_FOLDER_PATH)/vk_testApp";
			};
			name = Release;
		};
/* End XCBuildConfiguration section */

/* Begin XCConfigurationList section */
		8E751E822D009AFD000D09B7 /* Build configuration list for PBXProject "vk_testApp" */ = {
			isa = XCConfigurationList;
			buildConfigurations = (
				8E751E992D009AFE000D09B7 /* Debug */,
				8E751E9A2D009AFE000D09B7 /* Release */,
			);
			defaultConfigurationIsVisible = 0;
			defaultConfigurationName = Release;
		};
		8E751E9B2D009AFE000D09B7 /* Build configuration list for PBXNativeTarget "vk_testApp" */ = {
			isa = XCConfigurationList;
			buildConfigurations = (
				8E751E9C2D009AFE000D09B7 /* Debug */,
				8E751E9D2D009AFE000D09B7 /* Release */,
			);
			defaultConfigurationIsVisible = 0;
			defaultConfigurationName = Release;
		};
		8E751EBE2D00C3E9000D09B7 /* Build configuration list for PBXNativeTarget "vk_testAppTests" */ = {
			isa = XCConfigurationList;
			buildConfigurations = (
				8E751EBC2D00C3E9000D09B7 /* Debug */,
				8E751EBD2D00C3E9000D09B7 /* Release */,
			);
			defaultConfigurationIsVisible = 0;
			defaultConfigurationName = Release;
		};
/* End XCConfigurationList section */

/* Begin XCRemoteSwiftPackageReference section */
		8E751EA92D00BCB3000D09B7 /* XCRemoteSwiftPackageReference "Kingfisher" */ = {
			isa = XCRemoteSwiftPackageReference;
			repositoryURL = "https://github.com/onevcat/Kingfisher.git";
			requirement = {
				kind = upToNextMajorVersion;
				minimumVersion = 6.0.0;
			};
		};
		8E751EC12D00C57F000D09B7 /* XCRemoteSwiftPackageReference "ProgressHUD" */ = {
			isa = XCRemoteSwiftPackageReference;
			repositoryURL = "https://github.com/relatedcode/ProgressHUD";
			requirement = {
				kind = upToNextMajorVersion;
				minimumVersion = 13.8.6;
			};
		};
/* End XCRemoteSwiftPackageReference section */

/* Begin XCSwiftPackageProductDependency section */
		8E751EAA2D00BCB3000D09B7 /* Kingfisher */ = {
			isa = XCSwiftPackageProductDependency;
			package = 8E751EA92D00BCB3000D09B7 /* XCRemoteSwiftPackageReference "Kingfisher" */;
			productName = Kingfisher;
		};
		8E751EC22D00C57F000D09B7 /* ProgressHUD */ = {
			isa = XCSwiftPackageProductDependency;
			package = 8E751EC12D00C57F000D09B7 /* XCRemoteSwiftPackageReference "ProgressHUD" */;
			productName = ProgressHUD;
		};
/* End XCSwiftPackageProductDependency section */
	};
	rootObject = 8E751E7F2D009AFD000D09B7 /* Project object */;
}
